{"case_id":"h6-1.5","checkpoint_digest":"2c994c6ac2d4478c7174b71b661f496c9fda8a14e3a7ca08d01e9130515fe491","git_commit":"849879df2286e4846d1b78e88c6cbc49aff7680f","host":"Mac.AirPort","intended_canonical_output":"/Users/rei/Documents/Codex/2026-07-13/users-rei-documents-ceo-adapt-vqe/dvg-obs-ceo/artifacts/v4.1/s5-sentinels-rerun-v2/h6-1.5","pid":82785,"protocol_digest":"daeab27726a7c3a3f6a4ef11c8dccc8be112649e4bbc0952876666bf32613b46","run_uuid":"4f9c65e3-bfb1-40ea-9547-6c97f4d0ae9a","staging":"/Users/rei/Documents/Codex/2026-07-13/users-rei-documents-ceo-adapt-vqe/dvg-obs-ceo/artifacts/v4.1/s5-sentinels-rerun-v2/.staging/h6-1.5/4f9c65e3-bfb1-40ea-9547-6c97f4d0ae9a","started_at_utc":"2026-07-22T09:24:27.207943+00:00","version":"v4.1-case-bundle-v1"}
