{"case_id":"h6-1.5","checkpoint_digest":"2c994c6ac2d4478c7174b71b661f496c9fda8a14e3a7ca08d01e9130515fe491","git_commit":"5cb358d79134f2260f30be14653a8403ee58a068","host":"Mac.AirPort","intended_canonical_output":"/Users/rei/Documents/Codex/2026-07-13/users-rei-documents-ceo-adapt-vqe/dvg-obs-ceo/artifacts/v4.1/s5-sentinels-rerun-v1/h6-1.5","pid":78349,"protocol_digest":"daeab27726a7c3a3f6a4ef11c8dccc8be112649e4bbc0952876666bf32613b46","run_uuid":"28dd6b7d-cee5-456c-b1ec-cc9fc59d3ea6","staging":"/Users/rei/Documents/Codex/2026-07-13/users-rei-documents-ceo-adapt-vqe/dvg-obs-ceo/artifacts/v4.1/s5-sentinels-rerun-v1/.staging/h6-1.5/28dd6b7d-cee5-456c-b1ec-cc9fc59d3ea6","started_at_utc":"2026-07-22T09:12:29.648499+00:00","version":"v4.1-case-bundle-v1"}
